
Microsoft Visual Studio Solution File, Format Version 12.00
# Visual Studio Version 16
VisualStudioVersion = 16.0.30621.155
MinimumVisualStudioVersion = 10.0.40219.1
Project("{FAE04EC0-301F-11D3-BF4B-00C04F79EFBC}") = "3-1P9_MyHedgehog", "3-1P9_MyHedgehog.csproj", "{20235F61-F85F-433F-9B1F-7EEC8FE5637E}"
EndProject
Global
	GlobalSection(SolutionConfigurationPlatforms) = preSolution
		Debug|Any CPU = Debug|Any CPU
		Release|Any CPU = Release|Any CPU
	EndGlobalSection
	GlobalSection(ProjectConfigurationPlatforms) = postSolution
		{20235F61-F85F-433F-9B1F-7EEC8FE5637E}.Debug|Any CPU.ActiveCfg = Debug|Any CPU
		{20235F61-F85F-433F-9B1F-7EEC8FE5637E}.Debug|Any CPU.Build.0 = Debug|Any CPU
		{20235F61-F85F-433F-9B1F-7EEC8FE5637E}.Release|Any CPU.ActiveCfg = Release|Any CPU
		{20235F61-F85F-433F-9B1F-7EEC8FE5637E}.Release|Any CPU.Build.0 = Release|Any CPU
	EndGlobalSection
	GlobalSection(SolutionProperties) = preSolution
		HideSolutionNode = FALSE
	EndGlobalSection
	GlobalSection(ExtensibilityGlobals) = postSolution
		SolutionGuid = {F813824E-0C62-4052-8DCB-32E492ECA12B}
	EndGlobalSection
EndGlobal
